{
  "name": "Team1_Aug2023_Hackathon",
  "lockfileVersion": 2,
  "requires": true,
  "packages": {
    "": {
      "dependencies": {
        "kaboom": "^3000.0.15"
      }
    },
    "node_modules/kaboom": {
      "version": "3000.0.15",
      "resolved": "https://registry.npmjs.org/kaboom/-/kaboom-3000.0.15.tgz",
      "integrity": "sha512-tSSp7ixUWvKLflCelhQQ5+LsXVpdApPCQrtDjv/xLnEeA45D/fealLVfkPnKI24pqh5zYXfKtFHmFpe6W7MDDA=="
    }
  },
  "dependencies": {
    "kaboom": {
      "version": "3000.0.15",
      "resolved": "https://registry.npmjs.org/kaboom/-/kaboom-3000.0.15.tgz",
      "integrity": "sha512-tSSp7ixUWvKLflCelhQQ5+LsXVpdApPCQrtDjv/xLnEeA45D/fealLVfkPnKI24pqh5zYXfKtFHmFpe6W7MDDA=="
    }
  }
}
